
Microsoft Visual Studio Solution File, Format Version 12.00
# Visual Studio Version 17
VisualStudioVersion = 17.10.34928.147
MinimumVisualStudioVersion = 10.0.40219.1
Project("{FAE04EC0-301F-11D3-BF4B-00C04F79EFBC}") = "XboxClientQA", "XboxClientQA.csproj", "{3C62E12D-48BC-40F4-8DC8-3355AE42F187}"
EndProject
Global
	GlobalSection(SolutionConfigurationPlatforms) = preSolution
		Debug|Any CPU = Debug|Any CPU
		Release|Any CPU = Release|Any CPU
	EndGlobalSection
	GlobalSection(ProjectConfigurationPlatforms) = postSolution
		{3C62E12D-48BC-40F4-8DC8-3355AE42F187}.Debug|Any CPU.ActiveCfg = Debug|Any CPU
		{3C62E12D-48BC-40F4-8DC8-3355AE42F187}.Debug|Any CPU.Build.0 = Debug|Any CPU
		{3C62E12D-48BC-40F4-8DC8-3355AE42F187}.Release|Any CPU.ActiveCfg = Release|Any CPU
		{3C62E12D-48BC-40F4-8DC8-3355AE42F187}.Release|Any CPU.Build.0 = Release|Any CPU
	EndGlobalSection
	GlobalSection(SolutionProperties) = preSolution
		HideSolutionNode = FALSE
	EndGlobalSection
	GlobalSection(ExtensibilityGlobals) = postSolution
		SolutionGuid = {4BEEACA1-6798-4F34-AE7E-35C8723D79B4}
	EndGlobalSection
EndGlobal
